
Microsoft Visual Studio Solution File, Format Version 12.00
# Visual Studio Version 17
VisualStudioVersion = 17.2.32505.173
MinimumVisualStudioVersion = 10.0.40219.1
Project("{F184B08F-C81C-45F6-A57F-5ABD9991F28F}") = "XApps", "XApps.vbproj", "{2F1CE834-8ADD-4AC2-811E-6D205DD92E9C}"
EndProject
Global
	GlobalSection(SolutionConfigurationPlatforms) = preSolution
		Debug|Any CPU = Debug|Any CPU
		Release|Any CPU = Release|Any CPU
	EndGlobalSection
	GlobalSection(ProjectConfigurationPlatforms) = postSolution
		{2F1CE834-8ADD-4AC2-811E-6D205DD92E9C}.Debug|Any CPU.ActiveCfg = Debug|Any CPU
		{2F1CE834-8ADD-4AC2-811E-6D205DD92E9C}.Debug|Any CPU.Build.0 = Debug|Any CPU
		{2F1CE834-8ADD-4AC2-811E-6D205DD92E9C}.Release|Any CPU.ActiveCfg = Release|Any CPU
		{2F1CE834-8ADD-4AC2-811E-6D205DD92E9C}.Release|Any CPU.Build.0 = Release|Any CPU
	EndGlobalSection
	GlobalSection(SolutionProperties) = preSolution
		HideSolutionNode = FALSE
	EndGlobalSection
	GlobalSection(ExtensibilityGlobals) = postSolution
		SolutionGuid = {B200AAA2-0E8F-43B8-B145-506AF23B3A7C}
	EndGlobalSection
EndGlobal
